// !$*UTF8*$!
{
	archiveVersion = 1;
	classes = {
	};
	objectVersion = 56;
	objects = {

/* Begin PBXBuildFile section */
		7A0AB0CD2AE9B7CC00B77114 /* TabBarItemType.swift in Sources */ = {isa = PBXBuildFile; fileRef = 7A0AB0CC2AE9B7CC00B77114 /* TabBarItemType.swift */; };
		7A0AB0D02AEA877E00B77114 /* TabBarViewConstants.swift in Sources */ = {isa = PBXBuildFile; fileRef = 7A0AB0CF2AEA877E00B77114 /* TabBarViewConstants.swift */; };
		7A9262912AE68CAA00B4BE08 /* GoAroundApp.swift in Sources */ = {isa = PBXBuildFile; fileRef = 7A9262902AE68CAA00B4BE08 /* GoAroundApp.swift */; };
		7A9262952AE68CAD00B4BE08 /* Assets.xcassets in Resources */ = {isa = PBXBuildFile; fileRef = 7A9262942AE68CAD00B4BE08 /* Assets.xcassets */; };
		7A9262982AE68CAD00B4BE08 /* Preview Assets.xcassets in Resources */ = {isa = PBXBuildFile; fileRef = 7A9262972AE68CAD00B4BE08 /* Preview Assets.xcassets */; };
		7A9262A22AE6983200B4BE08 /* HomeView.swift in Sources */ = {isa = PBXBuildFile; fileRef = 7A9262A12AE6983200B4BE08 /* HomeView.swift */; };
		7A9262A52AE6988400B4BE08 /* HomeViewModel.swift in Sources */ = {isa = PBXBuildFile; fileRef = 7A9262A42AE6988400B4BE08 /* HomeViewModel.swift */; };
		7ADC16282AE7DAF300B7B442 /* CarDetailView.swift in Sources */ = {isa = PBXBuildFile; fileRef = 7ADC16272AE7DAF300B7B442 /* CarDetailView.swift */; };
		7ADC162B2AE7DB0600B7B442 /* CarDetailViewModel.swift in Sources */ = {isa = PBXBuildFile; fileRef = 7ADC162A2AE7DB0600B7B442 /* CarDetailViewModel.swift */; };
		7ADC162F2AE7DB4F00B7B442 /* TripView.swift in Sources */ = {isa = PBXBuildFile; fileRef = 7ADC162E2AE7DB4F00B7B442 /* TripView.swift */; };
		7ADC16322AE7DB6200B7B442 /* TripViewModel.swift in Sources */ = {isa = PBXBuildFile; fileRef = 7ADC16312AE7DB6200B7B442 /* TripViewModel.swift */; };
		7ADC16362AE7DB7B00B7B442 /* AddCarView.swift in Sources */ = {isa = PBXBuildFile; fileRef = 7ADC16352AE7DB7B00B7B442 /* AddCarView.swift */; };
		7ADC16392AE7DB8E00B7B442 /* AddCarViewModel.swift in Sources */ = {isa = PBXBuildFile; fileRef = 7ADC16382AE7DB8E00B7B442 /* AddCarViewModel.swift */; };
		7ADC163D2AE7DBB800B7B442 /* MessageView.swift in Sources */ = {isa = PBXBuildFile; fileRef = 7ADC163C2AE7DBB800B7B442 /* MessageView.swift */; };
		7ADC16402AE7DBCD00B7B442 /* MessageViewModel.swift in Sources */ = {isa = PBXBuildFile; fileRef = 7ADC163F2AE7DBCD00B7B442 /* MessageViewModel.swift */; };
		7ADC16442AE7DBE900B7B442 /* ProfileView.swift in Sources */ = {isa = PBXBuildFile; fileRef = 7ADC16432AE7DBE900B7B442 /* ProfileView.swift */; };
		7ADC16472AE7DBF800B7B442 /* ProfileViewModel.swift in Sources */ = {isa = PBXBuildFile; fileRef = 7ADC16462AE7DBF800B7B442 /* ProfileViewModel.swift */; };
		7AF8F7842AF501EF001EA83E /* GoAroundTabView.swift in Sources */ = {isa = PBXBuildFile; fileRef = 7AF8F7832AF501EF001EA83E /* GoAroundTabView.swift */; };
		7AF8F7AF2AF55B60001EA83E /* CometUI in Frameworks */ = {isa = PBXBuildFile; productRef = 7AF8F7AE2AF55B60001EA83E /* CometUI */; };
/* End PBXBuildFile section */

/* Begin PBXFileReference section */
		7A0AB0CC2AE9B7CC00B77114 /* TabBarItemType.swift */ = {isa = PBXFileReference; lastKnownFileType = sourcecode.swift; path = TabBarItemType.swift; sourceTree = "<group>"; };
		7A0AB0CF2AEA877E00B77114 /* TabBarViewConstants.swift */ = {isa = PBXFileReference; lastKnownFileType = sourcecode.swift; path = TabBarViewConstants.swift; sourceTree = "<group>"; };
		7A92628D2AE68CAA00B4BE08 /* GoAround.app */ = {isa = PBXFileReference; explicitFileType = wrapper.application; includeInIndex = 0; path = GoAround.app; sourceTree = BUILT_PRODUCTS_DIR; };
		7A9262902AE68CAA00B4BE08 /* GoAroundApp.swift */ = {isa = PBXFileReference; lastKnownFileType = sourcecode.swift; path = GoAroundApp.swift; sourceTree = "<group>"; };
		7A9262942AE68CAD00B4BE08 /* Assets.xcassets */ = {isa = PBXFileReference; lastKnownFileType = folder.assetcatalog; path = Assets.xcassets; sourceTree = "<group>"; };
		7A9262972AE68CAD00B4BE08 /* Preview Assets.xcassets */ = {isa = PBXFileReference; lastKnownFileType = folder.assetcatalog; path = "Preview Assets.xcassets"; sourceTree = "<group>"; };
		7A9262A12AE6983200B4BE08 /* HomeView.swift */ = {isa = PBXFileReference; lastKnownFileType = sourcecode.swift; path = HomeView.swift; sourceTree = "<group>"; };
		7A9262A42AE6988400B4BE08 /* HomeViewModel.swift */ = {isa = PBXFileReference; lastKnownFileType = sourcecode.swift; path = HomeViewModel.swift; sourceTree = "<group>"; };
		7ADC16272AE7DAF300B7B442 /* CarDetailView.swift */ = {isa = PBXFileReference; lastKnownFileType = sourcecode.swift; path = CarDetailView.swift; sourceTree = "<group>"; };
		7ADC162A2AE7DB0600B7B442 /* CarDetailViewModel.swift */ = {isa = PBXFileReference; lastKnownFileType = sourcecode.swift; path = CarDetailViewModel.swift; sourceTree = "<group>"; };
		7ADC162E2AE7DB4F00B7B442 /* TripView.swift */ = {isa = PBXFileReference; lastKnownFileType = sourcecode.swift; path = TripView.swift; sourceTree = "<group>"; };
		7ADC16312AE7DB6200B7B442 /* TripViewModel.swift */ = {isa = PBXFileReference; lastKnownFileType = sourcecode.swift; path = TripViewModel.swift; sourceTree = "<group>"; };
		7ADC16352AE7DB7B00B7B442 /* AddCarView.swift */ = {isa = PBXFileReference; lastKnownFileType = sourcecode.swift; path = AddCarView.swift; sourceTree = "<group>"; };
		7ADC16382AE7DB8E00B7B442 /* AddCarViewModel.swift */ = {isa = PBXFileReference; lastKnownFileType = sourcecode.swift; path = AddCarViewModel.swift; sourceTree = "<group>"; };
		7ADC163C2AE7DBB800B7B442 /* MessageView.swift */ = {isa = PBXFileReference; lastKnownFileType = sourcecode.swift; path = MessageView.swift; sourceTree = "<group>"; };
		7ADC163F2AE7DBCD00B7B442 /* MessageViewModel.swift */ = {isa = PBXFileReference; lastKnownFileType = sourcecode.swift; path = MessageViewModel.swift; sourceTree = "<group>"; };
		7ADC16432AE7DBE900B7B442 /* ProfileView.swift */ = {isa = PBXFileReference; lastKnownFileType = sourcecode.swift; path = ProfileView.swift; sourceTree = "<group>"; };
		7ADC16462AE7DBF800B7B442 /* ProfileViewModel.swift */ = {isa = PBXFileReference; lastKnownFileType = sourcecode.swift; path = ProfileViewModel.swift; sourceTree = "<group>"; };
		7AF8F7832AF501EF001EA83E /* GoAroundTabView.swift */ = {isa = PBXFileReference; lastKnownFileType = sourcecode.swift; path = GoAroundTabView.swift; sourceTree = "<group>"; };
/* End PBXFileReference section */

/* Begin PBXFrameworksBuildPhase section */
		7A92628A2AE68CAA00B4BE08 /* Frameworks */ = {
			isa = PBXFrameworksBuildPhase;
			buildActionMask = 2147483647;
			files = (
				7AF8F7AF2AF55B60001EA83E /* CometUI in Frameworks */,
			);
			runOnlyForDeploymentPostprocessing = 0;
		};
/* End PBXFrameworksBuildPhase section */

/* Begin PBXGroup section */
		7A0AB0CE2AEA876C00B77114 /* Constants */ = {
			isa = PBXGroup;
			children = (
				7A0AB0CF2AEA877E00B77114 /* TabBarViewConstants.swift */,
			);
			path = Constants;
			sourceTree = "<group>";
		};
		7A9262842AE68CA900B4BE08 = {
			isa = PBXGroup;
			children = (
				7A92628F2AE68CAA00B4BE08 /* GoAround */,
				7A92628E2AE68CAA00B4BE08 /* Products */,
			);
			sourceTree = "<group>";
		};
		7A92628E2AE68CAA00B4BE08 /* Products */ = {
			isa = PBXGroup;
			children = (
				7A92628D2AE68CAA00B4BE08 /* GoAround.app */,
			);
			name = Products;
			sourceTree = "<group>";
		};
		7A92628F2AE68CAA00B4BE08 /* GoAround */ = {
			isa = PBXGroup;
			children = (
				7ADC16482AE7DF4100B7B442 /* Core */,
				7A92629E2AE68F6500B4BE08 /* Scenes */,
				7A9262902AE68CAA00B4BE08 /* GoAroundApp.swift */,
				7A9262942AE68CAD00B4BE08 /* Assets.xcassets */,
				7A9262962AE68CAD00B4BE08 /* Preview Content */,
			);
			path = GoAround;
			sourceTree = "<group>";
		};
		7A9262962AE68CAD00B4BE08 /* Preview Content */ = {
			isa = PBXGroup;
			children = (
				7A9262972AE68CAD00B4BE08 /* Preview Assets.xcassets */,
			);
			path = "Preview Content";
			sourceTree = "<group>";
		};
		7A92629E2AE68F6500B4BE08 /* Scenes */ = {
			isa = PBXGroup;
			children = (
				7AF8F7822AF501CD001EA83E /* TabBar */,
				7ADC16412AE7DBDD00B7B442 /* Profile */,
				7ADC163A2AE7DBA500B7B442 /* Message */,
				7ADC16332AE7DB6B00B7B442 /* AddCar */,
				7ADC162C2AE7DB4000B7B442 /* Trip */,
				7ADC16252AE7DAC100B7B442 /* CarDetail */,
				7A92629F2AE68F6D00B4BE08 /* Home */,
			);
			path = Scenes;
			sourceTree = "<group>";
		};
		7A92629F2AE68F6D00B4BE08 /* Home */ = {
			isa = PBXGroup;
			children = (
				7A9262A32AE6987200B4BE08 /* Presentation */,
				7A9262A02AE6981C00B4BE08 /* View */,
			);
			path = Home;
			sourceTree = "<group>";
		};
		7A9262A02AE6981C00B4BE08 /* View */ = {
			isa = PBXGroup;
			children = (
				7A9262A12AE6983200B4BE08 /* HomeView.swift */,
			);
			path = View;
			sourceTree = "<group>";
		};
		7A9262A32AE6987200B4BE08 /* Presentation */ = {
			isa = PBXGroup;
			children = (
				7A9262A42AE6988400B4BE08 /* HomeViewModel.swift */,
			);
			path = Presentation;
			sourceTree = "<group>";
		};
		7ADC16252AE7DAC100B7B442 /* CarDetail */ = {
			isa = PBXGroup;
			children = (
				7ADC16292AE7DAFA00B7B442 /* Presentation */,
				7ADC16262AE7DACC00B7B442 /* View */,
			);
			path = CarDetail;
			sourceTree = "<group>";
		};
		7ADC16262AE7DACC00B7B442 /* View */ = {
			isa = PBXGroup;
			children = (
				7ADC16272AE7DAF300B7B442 /* CarDetailView.swift */,
			);
			path = View;
			sourceTree = "<group>";
		};
		7ADC16292AE7DAFA00B7B442 /* Presentation */ = {
			isa = PBXGroup;
			children = (
				7ADC162A2AE7DB0600B7B442 /* CarDetailViewModel.swift */,
			);
			path = Presentation;
			sourceTree = "<group>";
		};
		7ADC162C2AE7DB4000B7B442 /* Trip */ = {
			isa = PBXGroup;
			children = (
				7ADC16302AE7DB5600B7B442 /* Presentation */,
				7ADC162D2AE7DB4800B7B442 /* View */,
			);
			path = Trip;
			sourceTree = "<group>";
		};
		7ADC162D2AE7DB4800B7B442 /* View */ = {
			isa = PBXGroup;
			children = (
				7ADC162E2AE7DB4F00B7B442 /* TripView.swift */,
			);
			path = View;
			sourceTree = "<group>";
		};
		7ADC16302AE7DB5600B7B442 /* Presentation */ = {
			isa = PBXGroup;
			children = (
				7ADC16312AE7DB6200B7B442 /* TripViewModel.swift */,
			);
			path = Presentation;
			sourceTree = "<group>";
		};
		7ADC16332AE7DB6B00B7B442 /* AddCar */ = {
			isa = PBXGroup;
			children = (
				7ADC16372AE7DB8100B7B442 /* Presentation */,
				7ADC16342AE7DB7200B7B442 /* View */,
			);
			path = AddCar;
			sourceTree = "<group>";
		};
		7ADC16342AE7DB7200B7B442 /* View */ = {
			isa = PBXGroup;
			children = (
				7ADC16352AE7DB7B00B7B442 /* AddCarView.swift */,
			);
			path = View;
			sourceTree = "<group>";
		};
		7ADC16372AE7DB8100B7B442 /* Presentation */ = {
			isa = PBXGroup;
			children = (
				7ADC16382AE7DB8E00B7B442 /* AddCarViewModel.swift */,
			);
			path = Presentation;
			sourceTree = "<group>";
		};
		7ADC163A2AE7DBA500B7B442 /* Message */ = {
			isa = PBXGroup;
			children = (
				7ADC163E2AE7DBC000B7B442 /* Presentation */,
				7ADC163B2AE7DBAA00B7B442 /* View */,
			);
			path = Message;
			sourceTree = "<group>";
		};
		7ADC163B2AE7DBAA00B7B442 /* View */ = {
			isa = PBXGroup;
			children = (
				7ADC163C2AE7DBB800B7B442 /* MessageView.swift */,
			);
			path = View;
			sourceTree = "<group>";
		};
		7ADC163E2AE7DBC000B7B442 /* Presentation */ = {
			isa = PBXGroup;
			children = (
				7ADC163F2AE7DBCD00B7B442 /* MessageViewModel.swift */,
			);
			path = Presentation;
			sourceTree = "<group>";
		};
		7ADC16412AE7DBDD00B7B442 /* Profile */ = {
			isa = PBXGroup;
			children = (
				7ADC16452AE7DBEC00B7B442 /* Presentation */,
				7ADC16422AE7DBE200B7B442 /* View */,
			);
			path = Profile;
			sourceTree = "<group>";
		};
		7ADC16422AE7DBE200B7B442 /* View */ = {
			isa = PBXGroup;
			children = (
				7ADC16432AE7DBE900B7B442 /* ProfileView.swift */,
			);
			path = View;
			sourceTree = "<group>";
		};
		7ADC16452AE7DBEC00B7B442 /* Presentation */ = {
			isa = PBXGroup;
			children = (
				7ADC16462AE7DBF800B7B442 /* ProfileViewModel.swift */,
			);
			path = Presentation;
			sourceTree = "<group>";
		};
		7ADC16482AE7DF4100B7B442 /* Core */ = {
			isa = PBXGroup;
			children = (
				7A0AB0CE2AEA876C00B77114 /* Constants */,
			);
			path = Core;
			sourceTree = "<group>";
		};
		7AF8F7822AF501CD001EA83E /* TabBar */ = {
			isa = PBXGroup;
			children = (
				7AF8F7B12AF55D84001EA83E /* Model */,
				7AF8F7B02AF55D79001EA83E /* View */,
			);
			path = TabBar;
			sourceTree = "<group>";
		};
		7AF8F7B02AF55D79001EA83E /* View */ = {
			isa = PBXGroup;
			children = (
				7AF8F7832AF501EF001EA83E /* GoAroundTabView.swift */,
			);
			path = View;
			sourceTree = "<group>";
		};
		7AF8F7B12AF55D84001EA83E /* Model */ = {
			isa = PBXGroup;
			children = (
				7A0AB0CC2AE9B7CC00B77114 /* TabBarItemType.swift */,
			);
			path = Model;
			sourceTree = "<group>";
		};
/* End PBXGroup section */

/* Begin PBXNativeTarget section */
		7A92628C2AE68CAA00B4BE08 /* GoAround */ = {
			isa = PBXNativeTarget;
			buildConfigurationList = 7A92629B2AE68CAD00B4BE08 /* Build configuration list for PBXNativeTarget "GoAround" */;
			buildPhases = (
				7A9262892AE68CAA00B4BE08 /* Sources */,
				7A92628A2AE68CAA00B4BE08 /* Frameworks */,
				7A92628B2AE68CAA00B4BE08 /* Resources */,
			);
			buildRules = (
			);
			dependencies = (
			);
			name = GoAround;
			packageProductDependencies = (
				7AF8F7AE2AF55B60001EA83E /* CometUI */,
			);
			productName = GoAround;
			productReference = 7A92628D2AE68CAA00B4BE08 /* GoAround.app */;
			productType = "com.apple.product-type.application";
		};
/* End PBXNativeTarget section */

/* Begin PBXProject section */
		7A9262852AE68CAA00B4BE08 /* Project object */ = {
			isa = PBXProject;
			attributes = {
				BuildIndependentTargetsInParallel = 1;
				LastSwiftUpdateCheck = 1500;
				LastUpgradeCheck = 1500;
				TargetAttributes = {
					7A92628C2AE68CAA00B4BE08 = {
						CreatedOnToolsVersion = 15.0.1;
					};
				};
			};
			buildConfigurationList = 7A9262882AE68CAA00B4BE08 /* Build configuration list for PBXProject "GoAround" */;
			compatibilityVersion = "Xcode 14.0";
			developmentRegion = en;
			hasScannedForEncodings = 0;
			knownRegions = (
				en,
				Base,
			);
			mainGroup = 7A9262842AE68CA900B4BE08;
			packageReferences = (
				7AF8F7AD2AF55B60001EA83E /* XCRemoteSwiftPackageReference "comet-ui" */,
			);
			productRefGroup = 7A92628E2AE68CAA00B4BE08 /* Products */;
			projectDirPath = "";
			projectRoot = "";
			targets = (
				7A92628C2AE68CAA00B4BE08 /* GoAround */,
			);
		};
/* End PBXProject section */

/* Begin PBXResourcesBuildPhase section */
		7A92628B2AE68CAA00B4BE08 /* Resources */ = {
			isa = PBXResourcesBuildPhase;
			buildActionMask = 2147483647;
			files = (
				7A9262982AE68CAD00B4BE08 /* Preview Assets.xcassets in Resources */,
				7A9262952AE68CAD00B4BE08 /* Assets.xcassets in Resources */,
			);
			runOnlyForDeploymentPostprocessing = 0;
		};
/* End PBXResourcesBuildPhase section */

/* Begin PBXSourcesBuildPhase section */
		7A9262892AE68CAA00B4BE08 /* Sources */ = {
			isa = PBXSourcesBuildPhase;
			buildActionMask = 2147483647;
			files = (
				7A9262A22AE6983200B4BE08 /* HomeView.swift in Sources */,
				7A0AB0CD2AE9B7CC00B77114 /* TabBarItemType.swift in Sources */,
				7ADC16442AE7DBE900B7B442 /* ProfileView.swift in Sources */,
				7ADC16322AE7DB6200B7B442 /* TripViewModel.swift in Sources */,
				7ADC16362AE7DB7B00B7B442 /* AddCarView.swift in Sources */,
				7ADC162B2AE7DB0600B7B442 /* CarDetailViewModel.swift in Sources */,
				7ADC16472AE7DBF800B7B442 /* ProfileViewModel.swift in Sources */,
				7A9262912AE68CAA00B4BE08 /* GoAroundApp.swift in Sources */,
				7ADC163D2AE7DBB800B7B442 /* MessageView.swift in Sources */,
				7ADC16282AE7DAF300B7B442 /* CarDetailView.swift in Sources */,
				7A9262A52AE6988400B4BE08 /* HomeViewModel.swift in Sources */,
				7A0AB0D02AEA877E00B77114 /* TabBarViewConstants.swift in Sources */,
				7ADC162F2AE7DB4F00B7B442 /* TripView.swift in Sources */,
				7AF8F7842AF501EF001EA83E /* GoAroundTabView.swift in Sources */,
				7ADC16402AE7DBCD00B7B442 /* MessageViewModel.swift in Sources */,
				7ADC16392AE7DB8E00B7B442 /* AddCarViewModel.swift in Sources */,
			);
			runOnlyForDeploymentPostprocessing = 0;
		};
/* End PBXSourcesBuildPhase section */

/* Begin XCBuildConfiguration section */
		7A9262992AE68CAD00B4BE08 /* Debug */ = {
			isa = XCBuildConfiguration;
			buildSettings = {
				ALWAYS_SEARCH_USER_PATHS = NO;
				ASSETCATALOG_COMPILER_GENERATE_SWIFT_ASSET_SYMBOL_EXTENSIONS = YES;
				CLANG_ANALYZER_NONNULL = YES;
				CLANG_ANALYZER_NUMBER_OBJECT_CONVERSION = YES_AGGRESSIVE;
				CLANG_CXX_LANGUAGE_STANDARD = "gnu++20";
				CLANG_ENABLE_MODULES = YES;
				CLANG_ENABLE_OBJC_ARC = YES;
				CLANG_ENABLE_OBJC_WEAK = YES;
				CLANG_WARN_BLOCK_CAPTURE_AUTORELEASING = YES;
				CLANG_WARN_BOOL_CONVERSION = YES;
				CLANG_WARN_COMMA = YES;
				CLANG_WARN_CONSTANT_CONVERSION = YES;
				CLANG_WARN_DEPRECATED_OBJC_IMPLEMENTATIONS = YES;
				CLANG_WARN_DIRECT_OBJC_ISA_USAGE = YES_ERROR;
				CLANG_WARN_DOCUMENTATION_COMMENTS = YES;
				CLANG_WARN_EMPTY_BODY = YES;
				CLANG_WARN_ENUM_CONVERSION = YES;
				CLANG_WARN_INFINITE_RECURSION = YES;
				CLANG_WARN_INT_CONVERSION = YES;
				CLANG_WARN_NON_LITERAL_NULL_CONVERSION = YES;
				CLANG_WARN_OBJC_IMPLICIT_RETAIN_SELF = YES;
				CLANG_WARN_OBJC_LITERAL_CONVERSION = YES;
				CLANG_WARN_OBJC_ROOT_CLASS = YES_ERROR;
				CLANG_WARN_QUOTED_INCLUDE_IN_FRAMEWORK_HEADER = YES;
				CLANG_WARN_RANGE_LOOP_ANALYSIS = YES;
				CLANG_WARN_STRICT_PROTOTYPES = YES;
				CLANG_WARN_SUSPICIOUS_MOVE = YES;
				CLANG_WARN_UNGUARDED_AVAILABILITY = YES_AGGRESSIVE;
				CLANG_WARN_UNREACHABLE_CODE = YES;
				CLANG_WARN__DUPLICATE_METHOD_MATCH = YES;
				COPY_PHASE_STRIP = NO;
				DEBUG_INFORMATION_FORMAT = dwarf;
				ENABLE_STRICT_OBJC_MSGSEND = YES;
				ENABLE_TESTABILITY = YES;
				ENABLE_USER_SCRIPT_SANDBOXING = YES;
				GCC_C_LANGUAGE_STANDARD = gnu17;
				GCC_DYNAMIC_NO_PIC = NO;
				GCC_NO_COMMON_BLOCKS = YES;
				GCC_OPTIMIZATION_LEVEL = 0;
				GCC_PREPROCESSOR_DEFINITIONS = (
					"DEBUG=1",
					"$(inherited)",
				);
				GCC_WARN_64_TO_32_BIT_CONVERSION = YES;
				GCC_WARN_ABOUT_RETURN_TYPE = YES_ERROR;
				GCC_WARN_UNDECLARED_SELECTOR = YES;
				GCC_WARN_UNINITIALIZED_AUTOS = YES_AGGRESSIVE;
				GCC_WARN_UNUSED_FUNCTION = YES;
				GCC_WARN_UNUSED_VARIABLE = YES;
				IPHONEOS_DEPLOYMENT_TARGET = 17.0;
				LOCALIZATION_PREFERS_STRING_CATALOGS = YES;
				MTL_ENABLE_DEBUG_INFO = INCLUDE_SOURCE;
				MTL_FAST_MATH = YES;
				ONLY_ACTIVE_ARCH = YES;
				SDKROOT = iphoneos;
				SWIFT_ACTIVE_COMPILATION_CONDITIONS = "DEBUG $(inherited)";
				SWIFT_OPTIMIZATION_LEVEL = "-Onone";
			};
			name = Debug;
		};
		7A92629A2AE68CAD00B4BE08 /* Release */ = {
			isa = XCBuildConfiguration;
			buildSettings = {
				ALWAYS_SEARCH_USER_PATHS = NO;
				ASSETCATALOG_COMPILER_GENERATE_SWIFT_ASSET_SYMBOL_EXTENSIONS = YES;
				CLANG_ANALYZER_NONNULL = YES;
				CLANG_ANALYZER_NUMBER_OBJECT_CONVERSION = YES_AGGRESSIVE;
				CLANG_CXX_LANGUAGE_STANDARD = "gnu++20";
				CLANG_ENABLE_MODULES = YES;
				CLANG_ENABLE_OBJC_ARC = YES;
				CLANG_ENABLE_OBJC_WEAK = YES;
				CLANG_WARN_BLOCK_CAPTURE_AUTORELEASING = YES;
				CLANG_WARN_BOOL_CONVERSION = YES;
				CLANG_WARN_COMMA = YES;
				CLANG_WARN_CONSTANT_CONVERSION = YES;
				CLANG_WARN_DEPRECATED_OBJC_IMPLEMENTATIONS = YES;
				CLANG_WARN_DIRECT_OBJC_ISA_USAGE = YES_ERROR;
				CLANG_WARN_DOCUMENTATION_COMMENTS = YES;
				CLANG_WARN_EMPTY_BODY = YES;
				CLANG_WARN_ENUM_CONVERSION = YES;
				CLANG_WARN_INFINITE_RECURSION = YES;
				CLANG_WARN_INT_CONVERSION = YES;
				CLANG_WARN_NON_LITERAL_NULL_CONVERSION = YES;
				CLANG_WARN_OBJC_IMPLICIT_RETAIN_SELF = YES;
				CLANG_WARN_OBJC_LITERAL_CONVERSION = YES;
				CLANG_WARN_OBJC_ROOT_CLASS = YES_ERROR;
				CLANG_WARN_QUOTED_INCLUDE_IN_FRAMEWORK_HEADER = YES;
				CLANG_WARN_RANGE_LOOP_ANALYSIS = YES;
				CLANG_WARN_STRICT_PROTOTYPES = YES;
				CLANG_WARN_SUSPICIOUS_MOVE = YES;
				CLANG_WARN_UNGUARDED_AVAILABILITY = YES_AGGRESSIVE;
				CLANG_WARN_UNREACHABLE_CODE = YES;
				CLANG_WARN__DUPLICATE_METHOD_MATCH = YES;
				COPY_PHASE_STRIP = NO;
				DEBUG_INFORMATION_FORMAT = "dwarf-with-dsym";
				ENABLE_NS_ASSERTIONS = NO;
				ENABLE_STRICT_OBJC_MSGSEND = YES;
				ENABLE_USER_SCRIPT_SANDBOXING = YES;
				GCC_C_LANGUAGE_STANDARD = gnu17;
				GCC_NO_COMMON_BLOCKS = YES;
				GCC_WARN_64_TO_32_BIT_CONVERSION = YES;
				GCC_WARN_ABOUT_RETURN_TYPE = YES_ERROR;
				GCC_WARN_UNDECLARED_SELECTOR = YES;
				GCC_WARN_UNINITIALIZED_AUTOS = YES_AGGRESSIVE;
				GCC_WARN_UNUSED_FUNCTION = YES;
				GCC_WARN_UNUSED_VARIABLE = YES;
				IPHONEOS_DEPLOYMENT_TARGET = 17.0;
				LOCALIZATION_PREFERS_STRING_CATALOGS = YES;
				MTL_ENABLE_DEBUG_INFO = NO;
				MTL_FAST_MATH = YES;
				SDKROOT = iphoneos;
				SWIFT_COMPILATION_MODE = wholemodule;
				VALIDATE_PRODUCT = YES;
			};
			name = Release;
		};
		7A92629C2AE68CAD00B4BE08 /* Debug */ = {
			isa = XCBuildConfiguration;
			buildSettings = {
				ASSETCATALOG_COMPILER_APPICON_NAME = AppIcon;
				ASSETCATALOG_COMPILER_GLOBAL_ACCENT_COLOR_NAME = AccentColor;
				CODE_SIGN_STYLE = Automatic;
				CURRENT_PROJECT_VERSION = 1;
				DEVELOPMENT_ASSET_PATHS = "\"GoAround/Preview Content\"";
				ENABLE_PREVIEWS = YES;
				GENERATE_INFOPLIST_FILE = YES;
				INFOPLIST_KEY_UIApplicationSceneManifest_Generation = YES;
				INFOPLIST_KEY_UIApplicationSupportsIndirectInputEvents = YES;
				INFOPLIST_KEY_UILaunchScreen_Generation = YES;
				INFOPLIST_KEY_UISupportedInterfaceOrientations_iPad = "UIInterfaceOrientationPortrait UIInterfaceOrientationPortraitUpsideDown UIInterfaceOrientationLandscapeLeft UIInterfaceOrientationLandscapeRight";
				INFOPLIST_KEY_UISupportedInterfaceOrientations_iPhone = "UIInterfaceOrientationPortrait UIInterfaceOrientationLandscapeLeft UIInterfaceOrientationLandscapeRight";
				IPHONEOS_DEPLOYMENT_TARGET = 17.0;
				LD_RUNPATH_SEARCH_PATHS = (
					"$(inherited)",
					"@executable_path/Frameworks",
				);
				MARKETING_VERSION = 1.0;
				PRODUCT_BUNDLE_IDENTIFIER = com.ggiampietri.GoAround;
				PRODUCT_NAME = "$(TARGET_NAME)";
				SWIFT_EMIT_LOC_STRINGS = YES;
				SWIFT_VERSION = 5.0;
				TARGETED_DEVICE_FAMILY = "1,2";
			};
			name = Debug;
		};
		7A92629D2AE68CAD00B4BE08 /* Release */ = {
			isa = XCBuildConfiguration;
			buildSettings = {
				ASSETCATALOG_COMPILER_APPICON_NAME = AppIcon;
				ASSETCATALOG_COMPILER_GLOBAL_ACCENT_COLOR_NAME = AccentColor;
				CODE_SIGN_STYLE = Automatic;
				CURRENT_PROJECT_VERSION = 1;
				DEVELOPMENT_ASSET_PATHS = "\"GoAround/Preview Content\"";
				ENABLE_PREVIEWS = YES;
				GENERATE_INFOPLIST_FILE = YES;
				INFOPLIST_KEY_UIApplicationSceneManifest_Generation = YES;
				INFOPLIST_KEY_UIApplicationSupportsIndirectInputEvents = YES;
				INFOPLIST_KEY_UILaunchScreen_Generation = YES;
				INFOPLIST_KEY_UISupportedInterfaceOrientations_iPad = "UIInterfaceOrientationPortrait UIInterfaceOrientationPortraitUpsideDown UIInterfaceOrientationLandscapeLeft UIInterfaceOrientationLandscapeRight";
				INFOPLIST_KEY_UISupportedInterfaceOrientations_iPhone = "UIInterfaceOrientationPortrait UIInterfaceOrientationLandscapeLeft UIInterfaceOrientationLandscapeRight";
				IPHONEOS_DEPLOYMENT_TARGET = 17.0;
				LD_RUNPATH_SEARCH_PATHS = (
					"$(inherited)",
					"@executable_path/Frameworks",
				);
				MARKETING_VERSION = 1.0;
				PRODUCT_BUNDLE_IDENTIFIER = com.ggiampietri.GoAround;
				PRODUCT_NAME = "$(TARGET_NAME)";
				SWIFT_EMIT_LOC_STRINGS = YES;
				SWIFT_VERSION = 5.0;
				TARGETED_DEVICE_FAMILY = "1,2";
			};
			name = Release;
		};
/* End XCBuildConfiguration section */

/* Begin XCConfigurationList section */
		7A9262882AE68CAA00B4BE08 /* Build configuration list for PBXProject "GoAround" */ = {
			isa = XCConfigurationList;
			buildConfigurations = (
				7A9262992AE68CAD00B4BE08 /* Debug */,
				7A92629A2AE68CAD00B4BE08 /* Release */,
			);
			defaultConfigurationIsVisible = 0;
			defaultConfigurationName = Release;
		};
		7A92629B2AE68CAD00B4BE08 /* Build configuration list for PBXNativeTarget "GoAround" */ = {
			isa = XCConfigurationList;
			buildConfigurations = (
				7A92629C2AE68CAD00B4BE08 /* Debug */,
				7A92629D2AE68CAD00B4BE08 /* Release */,
			);
			defaultConfigurationIsVisible = 0;
			defaultConfigurationName = Release;
		};
/* End XCConfigurationList section */

/* Begin XCRemoteSwiftPackageReference section */
		7AF8F7AD2AF55B60001EA83E /* XCRemoteSwiftPackageReference "comet-ui" */ = {
			isa = XCRemoteSwiftPackageReference;
			repositoryURL = "https://github.com/GiampietriGonzalo/comet-ui.git";
			requirement = {
				branch = master;
				kind = branch;
			};
		};
/* End XCRemoteSwiftPackageReference section */

/* Begin XCSwiftPackageProductDependency section */
		7AF8F7AE2AF55B60001EA83E /* CometUI */ = {
			isa = XCSwiftPackageProductDependency;
			package = 7AF8F7AD2AF55B60001EA83E /* XCRemoteSwiftPackageReference "comet-ui" */;
			productName = CometUI;
		};
/* End XCSwiftPackageProductDependency section */
	};
	rootObject = 7A9262852AE68CAA00B4BE08 /* Project object */;
}
